// !$*UTF8*$!
{
	archiveVersion = 1;
	classes = {
	};
	objectVersion = 48;
	objects = {

/* Begin PBXBuildFile section */
		08243650E41BF86DCDC0E42E /* Pods_ToDoList.framework in Frameworks */ = {isa = PBXBuildFile; fileRef = 0F6C04B46E22AC4548CAF103 /* Pods_ToDoList.framework */; };
		8F2E2BBA207E210400A064BE /* AppDelegate.swift in Sources */ = {isa = PBXBuildFile; fileRef = 8F2E2BB9207E210400A064BE /* AppDelegate.swift */; };
		8F2E2BBC207E210400A064BE /* ToDoListViewController.swift in Sources */ = {isa = PBXBuildFile; fileRef = 8F2E2BBB207E210400A064BE /* ToDoListViewController.swift */; };
		8F2E2BBF207E210400A064BE /* Main.storyboard in Resources */ = {isa = PBXBuildFile; fileRef = 8F2E2BBD207E210400A064BE /* Main.storyboard */; };
		8F2E2BC2207E210400A064BE /* ToDoList.xcdatamodeld in Sources */ = {isa = PBXBuildFile; fileRef = 8F2E2BC0207E210400A064BE /* ToDoList.xcdatamodeld */; };
		8F2E2BC4207E210400A064BE /* Assets.xcassets in Resources */ = {isa = PBXBuildFile; fileRef = 8F2E2BC3207E210400A064BE /* Assets.xcassets */; };
		8F2E2BC7207E210400A064BE /* LaunchScreen.storyboard in Resources */ = {isa = PBXBuildFile; fileRef = 8F2E2BC5207E210400A064BE /* LaunchScreen.storyboard */; };
		8F2E2BD1207E26FE00A064BE /* ToDoListTableViewCell.swift in Sources */ = {isa = PBXBuildFile; fileRef = 8F2E2BD0207E26FE00A064BE /* ToDoListTableViewCell.swift */; };
		8F2E5F29207FEF0400E62149 /* CategoryTableViewController.swift in Sources */ = {isa = PBXBuildFile; fileRef = 8F2E5F28207FEF0400E62149 /* CategoryTableViewController.swift */; };
		8F2E5F2B2080B54F00E62149 /* CategoryTableViewCell.swift in Sources */ = {isa = PBXBuildFile; fileRef = 8F2E5F2A2080B54F00E62149 /* CategoryTableViewCell.swift */; };
/* End PBXBuildFile section */

/* Begin PBXFileReference section */
		0F6C04B46E22AC4548CAF103 /* Pods_ToDoList.framework */ = {isa = PBXFileReference; explicitFileType = wrapper.framework; includeInIndex = 0; path = Pods_ToDoList.framework; sourceTree = BUILT_PRODUCTS_DIR; };
		4FAA5A5B9C4317A741DD5200 /* Pods-ToDoList.release.xcconfig */ = {isa = PBXFileReference; includeInIndex = 1; lastKnownFileType = text.xcconfig; name = "Pods-ToDoList.release.xcconfig"; path = "Pods/Target Support Files/Pods-ToDoList/Pods-ToDoList.release.xcconfig"; sourceTree = "<group>"; };
		8F2E2BB6207E210400A064BE /* ToDoList.app */ = {isa = PBXFileReference; explicitFileType = wrapper.application; includeInIndex = 0; path = ToDoList.app; sourceTree = BUILT_PRODUCTS_DIR; };
		8F2E2BB9207E210400A064BE /* AppDelegate.swift */ = {isa = PBXFileReference; lastKnownFileType = sourcecode.swift; path = AppDelegate.swift; sourceTree = "<group>"; };
		8F2E2BBB207E210400A064BE /* ToDoListViewController.swift */ = {isa = PBXFileReference; lastKnownFileType = sourcecode.swift; path = ToDoListViewController.swift; sourceTree = "<group>"; };
		8F2E2BBE207E210400A064BE /* Base */ = {isa = PBXFileReference; lastKnownFileType = file.storyboard; name = Base; path = Base.lproj/Main.storyboard; sourceTree = "<group>"; };
		8F2E2BC1207E210400A064BE /* ToDoList.xcdatamodel */ = {isa = PBXFileReference; lastKnownFileType = wrapper.xcdatamodel; path = ToDoList.xcdatamodel; sourceTree = "<group>"; };
		8F2E2BC3207E210400A064BE /* Assets.xcassets */ = {isa = PBXFileReference; lastKnownFileType = folder.assetcatalog; path = Assets.xcassets; sourceTree = "<group>"; };
		8F2E2BC6207E210400A064BE /* Base */ = {isa = PBXFileReference; lastKnownFileType = file.storyboard; name = Base; path = Base.lproj/LaunchScreen.storyboard; sourceTree = "<group>"; };
		8F2E2BC8207E210400A064BE /* Info.plist */ = {isa = PBXFileReference; lastKnownFileType = text.plist.xml; path = Info.plist; sourceTree = "<group>"; };
		8F2E2BD0207E26FE00A064BE /* ToDoListTableViewCell.swift */ = {isa = PBXFileReference; lastKnownFileType = sourcecode.swift; path = ToDoListTableViewCell.swift; sourceTree = "<group>"; };
		8F2E5F28207FEF0400E62149 /* CategoryTableViewController.swift */ = {isa = PBXFileReference; lastKnownFileType = sourcecode.swift; path = CategoryTableViewController.swift; sourceTree = "<group>"; };
		8F2E5F2A2080B54F00E62149 /* CategoryTableViewCell.swift */ = {isa = PBXFileReference; lastKnownFileType = sourcecode.swift; path = CategoryTableViewCell.swift; sourceTree = "<group>"; };
		C947C5CEC814039D9F6AAA31 /* Pods-ToDoList.debug.xcconfig */ = {isa = PBXFileReference; includeInIndex = 1; lastKnownFileType = text.xcconfig; name = "Pods-ToDoList.debug.xcconfig"; path = "Pods/Target Support Files/Pods-ToDoList/Pods-ToDoList.debug.xcconfig"; sourceTree = "<group>"; };
/* End PBXFileReference section */

/* Begin PBXFrameworksBuildPhase section */
		8F2E2BB3207E210400A064BE /* Frameworks */ = {
			isa = PBXFrameworksBuildPhase;
			buildActionMask = 2147483647;
			files = (
				08243650E41BF86DCDC0E42E /* Pods_ToDoList.framework in Frameworks */,
			);
			runOnlyForDeploymentPostprocessing = 0;
		};
/* End PBXFrameworksBuildPhase section */

/* Begin PBXGroup section */
		41B9010ECB117F5D11F44715 /* Pods */ = {
			isa = PBXGroup;
			children = (
				C947C5CEC814039D9F6AAA31 /* Pods-ToDoList.debug.xcconfig */,
				4FAA5A5B9C4317A741DD5200 /* Pods-ToDoList.release.xcconfig */,
			);
			name = Pods;
			sourceTree = "<group>";
		};
		69067A9A595C5E2EFBFB2485 /* Frameworks */ = {
			isa = PBXGroup;
			children = (
				0F6C04B46E22AC4548CAF103 /* Pods_ToDoList.framework */,
			);
			name = Frameworks;
			sourceTree = "<group>";
		};
		8F2E2BAD207E210400A064BE = {
			isa = PBXGroup;
			children = (
				8F2E2BB8207E210400A064BE /* ToDoList */,
				8F2E2BB7207E210400A064BE /* Products */,
				41B9010ECB117F5D11F44715 /* Pods */,
				69067A9A595C5E2EFBFB2485 /* Frameworks */,
			);
			sourceTree = "<group>";
		};
		8F2E2BB7207E210400A064BE /* Products */ = {
			isa = PBXGroup;
			children = (
				8F2E2BB6207E210400A064BE /* ToDoList.app */,
			);
			name = Products;
			sourceTree = "<group>";
		};
		8F2E2BB8207E210400A064BE /* ToDoList */ = {
			isa = PBXGroup;
			children = (
				8F2E2BB9207E210400A064BE /* AppDelegate.swift */,
				8F2E2BD6207EC3F500A064BE /* Controllers */,
				8F2E2BD4207EC3D400A064BE /* Data model */,
				8F2E2BD5207EC3EB00A064BE /* Views */,
				8F2E2BD7207EC41E00A064BE /* Supporting files */,
				8F2E2BC8207E210400A064BE /* Info.plist */,
			);
			path = ToDoList;
			sourceTree = "<group>";
		};
		8F2E2BD4207EC3D400A064BE /* Data model */ = {
			isa = PBXGroup;
			children = (
				8F2E2BC0207E210400A064BE /* ToDoList.xcdatamodeld */,
			);
			path = "Data model";
			sourceTree = "<group>";
		};
		8F2E2BD5207EC3EB00A064BE /* Views */ = {
			isa = PBXGroup;
			children = (
				8F2E2BBD207E210400A064BE /* Main.storyboard */,
				8F2E2BD0207E26FE00A064BE /* ToDoListTableViewCell.swift */,
				8F2E5F2A2080B54F00E62149 /* CategoryTableViewCell.swift */,
			);
			path = Views;
			sourceTree = "<group>";
		};
		8F2E2BD6207EC3F500A064BE /* Controllers */ = {
			isa = PBXGroup;
			children = (
				8F2E2BBB207E210400A064BE /* ToDoListViewController.swift */,
				8F2E5F28207FEF0400E62149 /* CategoryTableViewController.swift */,
			);
			path = Controllers;
			sourceTree = "<group>";
		};
		8F2E2BD7207EC41E00A064BE /* Supporting files */ = {
			isa = PBXGroup;
			children = (
				8F2E2BC3207E210400A064BE /* Assets.xcassets */,
				8F2E2BC5207E210400A064BE /* LaunchScreen.storyboard */,
			);
			path = "Supporting files";
			sourceTree = "<group>";
		};
/* End PBXGroup section */

/* Begin PBXNativeTarget section */
		8F2E2BB5207E210400A064BE /* ToDoList */ = {
			isa = PBXNativeTarget;
			buildConfigurationList = 8F2E2BCB207E210400A064BE /* Build configuration list for PBXNativeTarget "ToDoList" */;
			buildPhases = (
				777E5021A627FBA99AC547BD /* [CP] Check Pods Manifest.lock */,
				8F2E2BB2207E210400A064BE /* Sources */,
				8F2E2BB3207E210400A064BE /* Frameworks */,
				8F2E2BB4207E210400A064BE /* Resources */,
				6B15B6B4433648249C0D2B69 /* [CP] Embed Pods Frameworks */,
				4794A34FA3DA1C830253FB09 /* [CP] Copy Pods Resources */,
			);
			buildRules = (
			);
			dependencies = (
			);
			name = ToDoList;
			productName = ToDoList;
			productReference = 8F2E2BB6207E210400A064BE /* ToDoList.app */;
			productType = "com.apple.product-type.application";
		};
/* End PBXNativeTarget section */

/* Begin PBXProject section */
		8F2E2BAE207E210400A064BE /* Project object */ = {
			isa = PBXProject;
			attributes = {
				LastSwiftUpdateCheck = 0920;
				LastUpgradeCheck = 0920;
				ORGANIZATIONNAME = Kobsonauta;
				TargetAttributes = {
					8F2E2BB5207E210400A064BE = {
						CreatedOnToolsVersion = 9.2;
						ProvisioningStyle = Automatic;
					};
				};
			};
			buildConfigurationList = 8F2E2BB1207E210400A064BE /* Build configuration list for PBXProject "ToDoList" */;
			compatibilityVersion = "Xcode 8.0";
			developmentRegion = en;
			hasScannedForEncodings = 0;
			knownRegions = (
				en,
				Base,
			);
			mainGroup = 8F2E2BAD207E210400A064BE;
			productRefGroup = 8F2E2BB7207E210400A064BE /* Products */;
			projectDirPath = "";
			projectRoot = "";
			targets = (
				8F2E2BB5207E210400A064BE /* ToDoList */,
			);
		};
/* End PBXProject section */

/* Begin PBXResourcesBuildPhase section */
		8F2E2BB4207E210400A064BE /* Resources */ = {
			isa = PBXResourcesBuildPhase;
			buildActionMask = 2147483647;
			files = (
				8F2E2BC7207E210400A064BE /* LaunchScreen.storyboard in Resources */,
				8F2E2BC4207E210400A064BE /* Assets.xcassets in Resources */,
				8F2E2BBF207E210400A064BE /* Main.storyboard in Resources */,
			);
			runOnlyForDeploymentPostprocessing = 0;
		};
/* End PBXResourcesBuildPhase section */

/* Begin PBXShellScriptBuildPhase section */
		4794A34FA3DA1C830253FB09 /* [CP] Copy Pods Resources */ = {
			isa = PBXShellScriptBuildPhase;
			buildActionMask = 2147483647;
			files = (
			);
			inputPaths = (
			);
			name = "[CP] Copy Pods Resources";
			outputPaths = (
			);
			runOnlyForDeploymentPostprocessing = 0;
			shellPath = /bin/sh;
			shellScript = "\"${SRCROOT}/Pods/Target Support Files/Pods-ToDoList/Pods-ToDoList-resources.sh\"\n";
			showEnvVarsInLog = 0;
		};
		6B15B6B4433648249C0D2B69 /* [CP] Embed Pods Frameworks */ = {
			isa = PBXShellScriptBuildPhase;
			buildActionMask = 2147483647;
			files = (
			);
			inputPaths = (
				"${SRCROOT}/Pods/Target Support Files/Pods-ToDoList/Pods-ToDoList-frameworks.sh",
				"${BUILT_PRODUCTS_DIR}/Realm/Realm.framework",
				"${BUILT_PRODUCTS_DIR}/RealmSwift/RealmSwift.framework",
			);
			name = "[CP] Embed Pods Frameworks";
			outputPaths = (
				"${TARGET_BUILD_DIR}/${FRAMEWORKS_FOLDER_PATH}/Realm.framework",
				"${TARGET_BUILD_DIR}/${FRAMEWORKS_FOLDER_PATH}/RealmSwift.framework",
			);
			runOnlyForDeploymentPostprocessing = 0;
			shellPath = /bin/sh;
			shellScript = "\"${SRCROOT}/Pods/Target Support Files/Pods-ToDoList/Pods-ToDoList-frameworks.sh\"\n";
			showEnvVarsInLog = 0;
		};
		777E5021A627FBA99AC547BD /* [CP] Check Pods Manifest.lock */ = {
			isa = PBXShellScriptBuildPhase;
			buildActionMask = 2147483647;
			files = (
			);
			inputPaths = (
				"${PODS_PODFILE_DIR_PATH}/Podfile.lock",
				"${PODS_ROOT}/Manifest.lock",
			);
			name = "[CP] Check Pods Manifest.lock";
			outputPaths = (
				"$(DERIVED_FILE_DIR)/Pods-ToDoList-checkManifestLockResult.txt",
			);
			runOnlyForDeploymentPostprocessing = 0;
			shellPath = /bin/sh;
			shellScript = "diff \"${PODS_PODFILE_DIR_PATH}/Podfile.lock\" \"${PODS_ROOT}/Manifest.lock\" > /dev/null\nif [ $? != 0 ] ; then\n    # print error to STDERR\n    echo \"error: The sandbox is not in sync with the Podfile.lock. Run 'pod install' or update your CocoaPods installation.\" >&2\n    exit 1\nfi\n# This output is used by Xcode 'outputs' to avoid re-running this script phase.\necho \"SUCCESS\" > \"${SCRIPT_OUTPUT_FILE_0}\"\n";
			showEnvVarsInLog = 0;
		};
/* End PBXShellScriptBuildPhase section */

/* Begin PBXSourcesBuildPhase section */
		8F2E2BB2207E210400A064BE /* Sources */ = {
			isa = PBXSourcesBuildPhase;
			buildActionMask = 2147483647;
			files = (
				8F2E2BBC207E210400A064BE /* ToDoListViewController.swift in Sources */,
				8F2E2BC2207E210400A064BE /* ToDoList.xcdatamodeld in Sources */,
				8F2E5F29207FEF0400E62149 /* CategoryTableViewController.swift in Sources */,
				8F2E2BBA207E210400A064BE /* AppDelegate.swift in Sources */,
				8F2E2BD1207E26FE00A064BE /* ToDoListTableViewCell.swift in Sources */,
				8F2E5F2B2080B54F00E62149 /* CategoryTableViewCell.swift in Sources */,
			);
			runOnlyForDeploymentPostprocessing = 0;
		};
/* End PBXSourcesBuildPhase section */

/* Begin PBXVariantGroup section */
		8F2E2BBD207E210400A064BE /* Main.storyboard */ = {
			isa = PBXVariantGroup;
			children = (
				8F2E2BBE207E210400A064BE /* Base */,
			);
			name = Main.storyboard;
			sourceTree = "<group>";
		};
		8F2E2BC5207E210400A064BE /* LaunchScreen.storyboard */ = {
			isa = PBXVariantGroup;
			children = (
				8F2E2BC6207E210400A064BE /* Base */,
			);
			name = LaunchScreen.storyboard;
			sourceTree = "<group>";
		};
/* End PBXVariantGroup section */

/* Begin XCBuildConfiguration section */
		8F2E2BC9207E210400A064BE /* Debug */ = {
			isa = XCBuildConfiguration;
			buildSettings = {
				ALWAYS_SEARCH_USER_PATHS = NO;
				CLANG_ANALYZER_NONNULL = YES;
				CLANG_ANALYZER_NUMBER_OBJECT_CONVERSION = YES_AGGRESSIVE;
				CLANG_CXX_LANGUAGE_STANDARD = "gnu++14";
				CLANG_CXX_LIBRARY = "libc++";
				CLANG_ENABLE_MODULES = YES;
				CLANG_ENABLE_OBJC_ARC = YES;
				CLANG_WARN_BLOCK_CAPTURE_AUTORELEASING = YES;
				CLANG_WARN_BOOL_CONVERSION = YES;
				CLANG_WARN_COMMA = YES;
				CLANG_WARN_CONSTANT_CONVERSION = YES;
				CLANG_WARN_DIRECT_OBJC_ISA_USAGE = YES_ERROR;
				CLANG_WARN_DOCUMENTATION_COMMENTS = YES;
				CLANG_WARN_EMPTY_BODY = YES;
				CLANG_WARN_ENUM_CONVERSION = YES;
				CLANG_WARN_INFINITE_RECURSION = YES;
				CLANG_WARN_INT_CONVERSION = YES;
				CLANG_WARN_NON_LITERAL_NULL_CONVERSION = YES;
				CLANG_WARN_OBJC_LITERAL_CONVERSION = YES;
				CLANG_WARN_OBJC_ROOT_CLASS = YES_ERROR;
				CLANG_WARN_RANGE_LOOP_ANALYSIS = YES;
				CLANG_WARN_STRICT_PROTOTYPES = YES;
				CLANG_WARN_SUSPICIOUS_MOVE = YES;
				CLANG_WARN_UNGUARDED_AVAILABILITY = YES_AGGRESSIVE;
				CLANG_WARN_UNREACHABLE_CODE = YES;
				CLANG_WARN__DUPLICATE_METHOD_MATCH = YES;
				CODE_SIGN_IDENTITY = "iPhone Developer";
				COPY_PHASE_STRIP = NO;
				DEBUG_INFORMATION_FORMAT = dwarf;
				ENABLE_STRICT_OBJC_MSGSEND = YES;
				ENABLE_TESTABILITY = YES;
				GCC_C_LANGUAGE_STANDARD = gnu11;
				GCC_DYNAMIC_NO_PIC = NO;
				GCC_NO_COMMON_BLOCKS = YES;
				GCC_OPTIMIZATION_LEVEL = 0;
				GCC_PREPROCESSOR_DEFINITIONS = (
					"DEBUG=1",
					"$(inherited)",
				);
				GCC_WARN_64_TO_32_BIT_CONVERSION = YES;
				GCC_WARN_ABOUT_RETURN_TYPE = YES_ERROR;
				GCC_WARN_UNDECLARED_SELECTOR = YES;
				GCC_WARN_UNINITIALIZED_AUTOS = YES_AGGRESSIVE;
				GCC_WARN_UNUSED_FUNCTION = YES;
				GCC_WARN_UNUSED_VARIABLE = YES;
				IPHONEOS_DEPLOYMENT_TARGET = 11.2;
				MTL_ENABLE_DEBUG_INFO = YES;
				ONLY_ACTIVE_ARCH = YES;
				SDKROOT = iphoneos;
				SWIFT_ACTIVE_COMPILATION_CONDITIONS = DEBUG;
				SWIFT_OPTIMIZATION_LEVEL = "-Onone";
			};
			name = Debug;
		};
		8F2E2BCA207E210400A064BE /* Release */ = {
			isa = XCBuildConfiguration;
			buildSettings = {
				ALWAYS_SEARCH_USER_PATHS = NO;
				CLANG_ANALYZER_NONNULL = YES;
				CLANG_ANALYZER_NUMBER_OBJECT_CONVERSION = YES_AGGRESSIVE;
				CLANG_CXX_LANGUAGE_STANDARD = "gnu++14";
				CLANG_CXX_LIBRARY = "libc++";
				CLANG_ENABLE_MODULES = YES;
				CLANG_ENABLE_OBJC_ARC = YES;
				CLANG_WARN_BLOCK_CAPTURE_AUTORELEASING = YES;
				CLANG_WARN_BOOL_CONVERSION = YES;
				CLANG_WARN_COMMA = YES;
				CLANG_WARN_CONSTANT_CONVERSION = YES;
				CLANG_WARN_DIRECT_OBJC_ISA_USAGE = YES_ERROR;
				CLANG_WARN_DOCUMENTATION_COMMENTS = YES;
				CLANG_WARN_EMPTY_BODY = YES;
				CLANG_WARN_ENUM_CONVERSION = YES;
				CLANG_WARN_INFINITE_RECURSION = YES;
				CLANG_WARN_INT_CONVERSION = YES;
				CLANG_WARN_NON_LITERAL_NULL_CONVERSION = YES;
				CLANG_WARN_OBJC_LITERAL_CONVERSION = YES;
				CLANG_WARN_OBJC_ROOT_CLASS = YES_ERROR;
				CLANG_WARN_RANGE_LOOP_ANALYSIS = YES;
				CLANG_WARN_STRICT_PROTOTYPES = YES;
				CLANG_WARN_SUSPICIOUS_MOVE = YES;
				CLANG_WARN_UNGUARDED_AVAILABILITY = YES_AGGRESSIVE;
				CLANG_WARN_UNREACHABLE_CODE = YES;
				CLANG_WARN__DUPLICATE_METHOD_MATCH = YES;
				CODE_SIGN_IDENTITY = "iPhone Developer";
				COPY_PHASE_STRIP = NO;
				DEBUG_INFORMATION_FORMAT = "dwarf-with-dsym";
				ENABLE_NS_ASSERTIONS = NO;
				ENABLE_STRICT_OBJC_MSGSEND = YES;
				GCC_C_LANGUAGE_STANDARD = gnu11;
				GCC_NO_COMMON_BLOCKS = YES;
				GCC_WARN_64_TO_32_BIT_CONVERSION = YES;
				GCC_WARN_ABOUT_RETURN_TYPE = YES_ERROR;
				GCC_WARN_UNDECLARED_SELECTOR = YES;
				GCC_WARN_UNINITIALIZED_AUTOS = YES_AGGRESSIVE;
				GCC_WARN_UNUSED_FUNCTION = YES;
				GCC_WARN_UNUSED_VARIABLE = YES;
				IPHONEOS_DEPLOYMENT_TARGET = 11.2;
				MTL_ENABLE_DEBUG_INFO = NO;
				SDKROOT = iphoneos;
				SWIFT_OPTIMIZATION_LEVEL = "-Owholemodule";
				VALIDATE_PRODUCT = YES;
			};
			name = Release;
		};
		8F2E2BCC207E210400A064BE /* Debug */ = {
			isa = XCBuildConfiguration;
			baseConfigurationReference = C947C5CEC814039D9F6AAA31 /* Pods-ToDoList.debug.xcconfig */;
			buildSettings = {
				ASSETCATALOG_COMPILER_APPICON_NAME = AppIcon;
				CODE_SIGN_STYLE = Automatic;
				DEVELOPMENT_TEAM = 2B8MJYSN8Z;
				INFOPLIST_FILE = ToDoList/Info.plist;
				LD_RUNPATH_SEARCH_PATHS = "$(inherited) @executable_path/Frameworks";
				PRODUCT_BUNDLE_IDENTIFIER = self.edu.ToDoListApp;
				PRODUCT_NAME = "$(TARGET_NAME)";
				SWIFT_VERSION = 4.0;
				TARGETED_DEVICE_FAMILY = "1,2";
			};
			name = Debug;
		};
		8F2E2BCD207E210400A064BE /* Release */ = {
			isa = XCBuildConfiguration;
			baseConfigurationReference = 4FAA5A5B9C4317A741DD5200 /* Pods-ToDoList.release.xcconfig */;
			buildSettings = {
				ASSETCATALOG_COMPILER_APPICON_NAME = AppIcon;
				CODE_SIGN_STYLE = Automatic;
				DEVELOPMENT_TEAM = 2B8MJYSN8Z;
				INFOPLIST_FILE = ToDoList/Info.plist;
				LD_RUNPATH_SEARCH_PATHS = "$(inherited) @executable_path/Frameworks";
				PRODUCT_BUNDLE_IDENTIFIER = self.edu.ToDoListApp;
				PRODUCT_NAME = "$(TARGET_NAME)";
				SWIFT_VERSION = 4.0;
				TARGETED_DEVICE_FAMILY = "1,2";
			};
			name = Release;
		};
/* End XCBuildConfiguration section */

/* Begin XCConfigurationList section */
		8F2E2BB1207E210400A064BE /* Build configuration list for PBXProject "ToDoList" */ = {
			isa = XCConfigurationList;
			buildConfigurations = (
				8F2E2BC9207E210400A064BE /* Debug */,
				8F2E2BCA207E210400A064BE /* Release */,
			);
			defaultConfigurationIsVisible = 0;
			defaultConfigurationName = Release;
		};
		8F2E2BCB207E210400A064BE /* Build configuration list for PBXNativeTarget "ToDoList" */ = {
			isa = XCConfigurationList;
			buildConfigurations = (
				8F2E2BCC207E210400A064BE /* Debug */,
				8F2E2BCD207E210400A064BE /* Release */,
			);
			defaultConfigurationIsVisible = 0;
			defaultConfigurationName = Release;
		};
/* End XCConfigurationList section */

/* Begin XCVersionGroup section */
		8F2E2BC0207E210400A064BE /* ToDoList.xcdatamodeld */ = {
			isa = XCVersionGroup;
			children = (
				8F2E2BC1207E210400A064BE /* ToDoList.xcdatamodel */,
			);
			currentVersion = 8F2E2BC1207E210400A064BE /* ToDoList.xcdatamodel */;
			path = ToDoList.xcdatamodeld;
			sourceTree = "<group>";
			versionGroupType = wrapper.xcdatamodel;
		};
/* End XCVersionGroup section */
	};
	rootObject = 8F2E2BAE207E210400A064BE /* Project object */;
}
